
Microsoft Visual Studio Solution File, Format Version 12.00
# Visual Studio Version 16
VisualStudioVersion = 16.0.32802.440
MinimumVisualStudioVersion = 10.0.40219.1
Project("{FAE04EC0-301F-11D3-BF4B-00C04F79EFBC}") = "Steganografie", "Steganografie\Steganografie.csproj", "{58378D32-3D24-4C15-86F4-45FADAA350DC}"
EndProject
Global
	GlobalSection(SolutionConfigurationPlatforms) = preSolution
		Debug|Any CPU = Debug|Any CPU
		Release|Any CPU = Release|Any CPU
	EndGlobalSection
	GlobalSection(ProjectConfigurationPlatforms) = postSolution
		{58378D32-3D24-4C15-86F4-45FADAA350DC}.Debug|Any CPU.ActiveCfg = Debug|Any CPU
		{58378D32-3D24-4C15-86F4-45FADAA350DC}.Debug|Any CPU.Build.0 = Debug|Any CPU
		{58378D32-3D24-4C15-86F4-45FADAA350DC}.Release|Any CPU.ActiveCfg = Release|Any CPU
		{58378D32-3D24-4C15-86F4-45FADAA350DC}.Release|Any CPU.Build.0 = Release|Any CPU
	EndGlobalSection
	GlobalSection(SolutionProperties) = preSolution
		HideSolutionNode = FALSE
	EndGlobalSection
	GlobalSection(ExtensibilityGlobals) = postSolution
		SolutionGuid = {0CE23D3B-A182-486A-BF06-0116918F2E8D}
	EndGlobalSection
EndGlobal
